
Microsoft Visual Studio Solution File, Format Version 12.00
# Visual Studio Version 16
VisualStudioVersion = 16.0.30717.126
MinimumVisualStudioVersion = 10.0.40219.1
Project("{FAE04EC0-301F-11D3-BF4B-00C04F79EFBC}") = "sqaCalcPremium", "sqaCalcPremium.csproj", "{5FFF2CDB-1057-4692-AB20-C69CEE155913}"
EndProject
Project("{FAE04EC0-301F-11D3-BF4B-00C04F79EFBC}") = "sqaCalcPremium_Tests", "..\sqaCalcPremium_Tests\sqaCalcPremium_Tests.csproj", "{99034035-C0B2-4B85-A23F-7A101CE8C9E1}"
EndProject
Global
	GlobalSection(SolutionConfigurationPlatforms) = preSolution
		Debug|Any CPU = Debug|Any CPU
		Release|Any CPU = Release|Any CPU
	EndGlobalSection
	GlobalSection(ProjectConfigurationPlatforms) = postSolution
		{5FFF2CDB-1057-4692-AB20-C69CEE155913}.Debug|Any CPU.ActiveCfg = Debug|Any CPU
		{5FFF2CDB-1057-4692-AB20-C69CEE155913}.Debug|Any CPU.Build.0 = Debug|Any CPU
		{5FFF2CDB-1057-4692-AB20-C69CEE155913}.Release|Any CPU.ActiveCfg = Release|Any CPU
		{5FFF2CDB-1057-4692-AB20-C69CEE155913}.Release|Any CPU.Build.0 = Release|Any CPU
		{99034035-C0B2-4B85-A23F-7A101CE8C9E1}.Debug|Any CPU.ActiveCfg = Debug|Any CPU
		{99034035-C0B2-4B85-A23F-7A101CE8C9E1}.Debug|Any CPU.Build.0 = Debug|Any CPU
		{99034035-C0B2-4B85-A23F-7A101CE8C9E1}.Release|Any CPU.ActiveCfg = Release|Any CPU
		{99034035-C0B2-4B85-A23F-7A101CE8C9E1}.Release|Any CPU.Build.0 = Release|Any CPU
	EndGlobalSection
	GlobalSection(SolutionProperties) = preSolution
		HideSolutionNode = FALSE
	EndGlobalSection
	GlobalSection(ExtensibilityGlobals) = postSolution
		SolutionGuid = {C5072782-EC45-4E76-B5C2-282DD43C67DA}
	EndGlobalSection
EndGlobal
